
Microsoft Visual Studio Solution File, Format Version 12.00
# Visual Studio Version 17
VisualStudioVersion = 17.14.36414.22 d17.14
MinimumVisualStudioVersion = 10.0.40219.1
Project("{FAE04EC0-301F-11D3-BF4B-00C04F79EFBC}") = "WebApi_ManyToManyRel", "WebApi_ManyToManyRel\WebApi_ManyToManyRel.csproj", "{DD3A9060-8CBA-46BA-88DF-70D13EB1B33F}"
EndProject
Global
	GlobalSection(SolutionConfigurationPlatforms) = preSolution
		Debug|Any CPU = Debug|Any CPU
		Release|Any CPU = Release|Any CPU
	EndGlobalSection
	GlobalSection(ProjectConfigurationPlatforms) = postSolution
		{DD3A9060-8CBA-46BA-88DF-70D13EB1B33F}.Debug|Any CPU.ActiveCfg = Debug|Any CPU
		{DD3A9060-8CBA-46BA-88DF-70D13EB1B33F}.Debug|Any CPU.Build.0 = Debug|Any CPU
		{DD3A9060-8CBA-46BA-88DF-70D13EB1B33F}.Release|Any CPU.ActiveCfg = Release|Any CPU
		{DD3A9060-8CBA-46BA-88DF-70D13EB1B33F}.Release|Any CPU.Build.0 = Release|Any CPU
	EndGlobalSection
	GlobalSection(SolutionProperties) = preSolution
		HideSolutionNode = FALSE
	EndGlobalSection
	GlobalSection(ExtensibilityGlobals) = postSolution
		SolutionGuid = {4CAEEC32-EB17-411E-9F65-B07DD0D1935A}
	EndGlobalSection
EndGlobal
